
Microsoft Visual Studio Solution File, Format Version 12.00
# Visual Studio Version 16
VisualStudioVersion = 16.0.31205.134
MinimumVisualStudioVersion = 10.0.40219.1
Project("{9A19103F-16F7-4668-BE54-9A1E7A4F7556}") = "UpnRealtyParser.Service", "UpnRealtyParser.Service\UpnRealtyParser.Service.csproj", "{D30E8EBD-15D9-4A16-A464-3FC6BDA93F3A}"
	ProjectSection(ProjectDependencies) = postProject
		{6363176F-A4C3-4E37-81D2-14379F00A1CB} = {6363176F-A4C3-4E37-81D2-14379F00A1CB}
	EndProjectSection
EndProject
Project("{9A19103F-16F7-4668-BE54-9A1E7A4F7556}") = "UpnRealtyParser.Business", "UpnRealtyParser.Business\UpnRealtyParser.Business.csproj", "{6363176F-A4C3-4E37-81D2-14379F00A1CB}"
EndProject
Project("{9A19103F-16F7-4668-BE54-9A1E7A4F7556}") = "UpnRealtyParser.Tests", "UpnRealtyParser.Tests\UpnRealtyParser.Tests.csproj", "{1E650201-E7BD-49D3-AFF1-E74614FB076E}"
EndProject
Project("{9A19103F-16F7-4668-BE54-9A1E7A4F7556}") = "UpnRealtyParser.Frontend", "UpnRealtyParser.Frontend\UpnRealtyParser.Frontend.csproj", "{AAE8DBA4-F8AA-4752-8F99-4EB1075D4274}"
EndProject
Project("{9A19103F-16F7-4668-BE54-9A1E7A4F7556}") = "UpnRealtyParser.Service.N1", "UpnRealtyParser.Service.N1\UpnRealtyParser.Service.N1.csproj", "{2EEF9D57-1A0D-43ED-AE86-80971DFD437A}"
EndProject
Project("{9A19103F-16F7-4668-BE54-9A1E7A4F7556}") = "UpnRealtyParser.Service.Photo", "UpnRealtyParser.Service.Photo\UpnRealtyParser.Service.Photo.csproj", "{8D45A83F-244B-4B87-9C35-28F8035B96A5}"
EndProject
Project("{FAE04EC0-301F-11D3-BF4B-00C04F79EFBC}") = "SeleniumPhotoService", "SeleniumPhotoService\SeleniumPhotoService.csproj", "{337A089F-100A-488D-BBD6-08B8B4100D23}"
EndProject
Global
	GlobalSection(SolutionConfigurationPlatforms) = preSolution
		Debug|Any CPU = Debug|Any CPU
		Release|Any CPU = Release|Any CPU
	EndGlobalSection
	GlobalSection(ProjectConfigurationPlatforms) = postSolution
		{D30E8EBD-15D9-4A16-A464-3FC6BDA93F3A}.Debug|Any CPU.ActiveCfg = Debug|Any CPU
		{D30E8EBD-15D9-4A16-A464-3FC6BDA93F3A}.Debug|Any CPU.Build.0 = Debug|Any CPU
		{D30E8EBD-15D9-4A16-A464-3FC6BDA93F3A}.Release|Any CPU.ActiveCfg = Release|Any CPU
		{D30E8EBD-15D9-4A16-A464-3FC6BDA93F3A}.Release|Any CPU.Build.0 = Release|Any CPU
		{6363176F-A4C3-4E37-81D2-14379F00A1CB}.Debug|Any CPU.ActiveCfg = Debug|Any CPU
		{6363176F-A4C3-4E37-81D2-14379F00A1CB}.Debug|Any CPU.Build.0 = Debug|Any CPU
		{6363176F-A4C3-4E37-81D2-14379F00A1CB}.Release|Any CPU.ActiveCfg = Release|Any CPU
		{6363176F-A4C3-4E37-81D2-14379F00A1CB}.Release|Any CPU.Build.0 = Release|Any CPU
		{1E650201-E7BD-49D3-AFF1-E74614FB076E}.Debug|Any CPU.ActiveCfg = Debug|Any CPU
		{1E650201-E7BD-49D3-AFF1-E74614FB076E}.Debug|Any CPU.Build.0 = Debug|Any CPU
		{1E650201-E7BD-49D3-AFF1-E74614FB076E}.Release|Any CPU.ActiveCfg = Release|Any CPU
		{1E650201-E7BD-49D3-AFF1-E74614FB076E}.Release|Any CPU.Build.0 = Release|Any CPU
		{AAE8DBA4-F8AA-4752-8F99-4EB1075D4274}.Debug|Any CPU.ActiveCfg = Debug|Any CPU
		{AAE8DBA4-F8AA-4752-8F99-4EB1075D4274}.Debug|Any CPU.Build.0 = Debug|Any CPU
		{AAE8DBA4-F8AA-4752-8F99-4EB1075D4274}.Release|Any CPU.ActiveCfg = Release|Any CPU
		{AAE8DBA4-F8AA-4752-8F99-4EB1075D4274}.Release|Any CPU.Build.0 = Release|Any CPU
		{2EEF9D57-1A0D-43ED-AE86-80971DFD437A}.Debug|Any CPU.ActiveCfg = Debug|Any CPU
		{2EEF9D57-1A0D-43ED-AE86-80971DFD437A}.Debug|Any CPU.Build.0 = Debug|Any CPU
		{2EEF9D57-1A0D-43ED-AE86-80971DFD437A}.Release|Any CPU.ActiveCfg = Release|Any CPU
		{2EEF9D57-1A0D-43ED-AE86-80971DFD437A}.Release|Any CPU.Build.0 = Release|Any CPU
		{8D45A83F-244B-4B87-9C35-28F8035B96A5}.Debug|Any CPU.ActiveCfg = Debug|Any CPU
		{8D45A83F-244B-4B87-9C35-28F8035B96A5}.Debug|Any CPU.Build.0 = Debug|Any CPU
		{8D45A83F-244B-4B87-9C35-28F8035B96A5}.Release|Any CPU.ActiveCfg = Release|Any CPU
		{8D45A83F-244B-4B87-9C35-28F8035B96A5}.Release|Any CPU.Build.0 = Release|Any CPU
		{337A089F-100A-488D-BBD6-08B8B4100D23}.Debug|Any CPU.ActiveCfg = Debug|Any CPU
		{337A089F-100A-488D-BBD6-08B8B4100D23}.Debug|Any CPU.Build.0 = Debug|Any CPU
		{337A089F-100A-488D-BBD6-08B8B4100D23}.Release|Any CPU.ActiveCfg = Release|Any CPU
		{337A089F-100A-488D-BBD6-08B8B4100D23}.Release|Any CPU.Build.0 = Release|Any CPU
	EndGlobalSection
	GlobalSection(SolutionProperties) = preSolution
		HideSolutionNode = FALSE
	EndGlobalSection
	GlobalSection(ExtensibilityGlobals) = postSolution
		SolutionGuid = {12773F3A-B19B-486F-9A6A-E9707454942E}
	EndGlobalSection
EndGlobal
